
Microsoft Visual Studio Solution File, Format Version 12.00
# Visual Studio Version 17
VisualStudioVersion = 17.3.32804.467
MinimumVisualStudioVersion = 10.0.40219.1
Project("{FAE04EC0-301F-11D3-BF4B-00C04F79EFBC}") = "Pokemon", "Pokemon\Pokemon.csproj", "{2D5DCCF8-AF7C-49A4-87AE-220DCF48D39B}"
EndProject
Global
	GlobalSection(SolutionConfigurationPlatforms) = preSolution
		Debug|Any CPU = Debug|Any CPU
		Release|Any CPU = Release|Any CPU
	EndGlobalSection
	GlobalSection(ProjectConfigurationPlatforms) = postSolution
		{2D5DCCF8-AF7C-49A4-87AE-220DCF48D39B}.Debug|Any CPU.ActiveCfg = Debug|Any CPU
		{2D5DCCF8-AF7C-49A4-87AE-220DCF48D39B}.Debug|Any CPU.Build.0 = Debug|Any CPU
		{2D5DCCF8-AF7C-49A4-87AE-220DCF48D39B}.Release|Any CPU.ActiveCfg = Release|Any CPU
		{2D5DCCF8-AF7C-49A4-87AE-220DCF48D39B}.Release|Any CPU.Build.0 = Release|Any CPU
	EndGlobalSection
	GlobalSection(SolutionProperties) = preSolution
		HideSolutionNode = FALSE
	EndGlobalSection
	GlobalSection(ExtensibilityGlobals) = postSolution
		SolutionGuid = {20BBA961-DA02-4C67-A05E-2EEBD40ACD34}
	EndGlobalSection
EndGlobal
